# THIS IS AN AUTOGENERATED FILE. DO NOT EDIT THIS FILE DIRECTLY.
# yarn lockfile v1


"@playwright/test@^1.55.0", "@playwright/test@>=1.53.0":
  version "1.55.0"
  resolved "https://registry.npmjs.org/@playwright/test/-/test-1.55.0.tgz"
  integrity sha512-04IXzPwHrW69XusN/SIdDdKZBzMfOT9UNT/YiJit/xpy2VuAoB8NHc8Aplb96zsWDddLnbkPL3TsmrS04ZU2xQ==
  dependencies:
    playwright "1.55.0"

"@types/node@^24.5.1":
  version "24.5.1"
  resolved "https://registry.npmjs.org/@types/node/-/node-24.5.1.tgz"
  integrity sha512-/SQdmUP2xa+1rdx7VwB9yPq8PaKej8TD5cQ+XfKDPWWC+VDJU4rvVVagXqKUzhKjtFoNA8rXDJAkCxQPAe00+Q==
  dependencies:
    undici-types "~7.12.0"

allure-js-commons@3.4.1:
  version "3.4.1"
  resolved "https://registry.npmjs.org/allure-js-commons/-/allure-js-commons-3.4.1.tgz"
  integrity sha512-Lzs91+8fTPUucnLwQULuuLyEJWQCBCxsZl5tX6lMPFZcAVXgwu/Dti0XfzhH9R1Hw8e43k20XAlmyh/ZDqqpYA==
  dependencies:
    md5 "^2.3.0"

allure-playwright@^3.4.1, allure-playwright@3.4.1:
  version "3.4.1"
  resolved "https://registry.npmjs.org/allure-playwright/-/allure-playwright-3.4.1.tgz"
  integrity sha512-vSc+7iBmilejRbSiv0dakl+/EONHFUs3yDmEOydKmF0+aOMczRyMYOBvU42Ob51PrZozi11ExiQj9SCMH0c4bQ==
  dependencies:
    allure-js-commons "3.4.1"

charenc@0.0.2:
  version "0.0.2"
  resolved "https://registry.npmjs.org/charenc/-/charenc-0.0.2.tgz"
  integrity sha512-yrLQ/yVUFXkzg7EDQsPieE/53+0RlaWTs+wBrvW36cyilJ2SaDWfl4Yj7MtLTXleV9uEKefbAGUPv2/iWSooRA==

crypt@0.0.2:
  version "0.0.2"
  resolved "https://registry.npmjs.org/crypt/-/crypt-0.0.2.tgz"
  integrity sha512-mCxBlsHFYh9C+HVpiEacem8FEBnMXgU9gy4zmNC+SXAZNB/1idgp/aulFJ4FgCi7GPEVbfyng092GqL2k2rmow==

is-buffer@~1.1.6:
  version "1.1.6"
  resolved "https://registry.npmjs.org/is-buffer/-/is-buffer-1.1.6.tgz"
  integrity sha512-NcdALwpXkTm5Zvvbk7owOUSvVvBKDgKP5/ewfXEznmQFfs4ZRmanOeKBTjRVjka3QFoN6XJ+9F3USqfHqTaU5w==

md5@^2.3.0:
  version "2.3.0"
  resolved "https://registry.npmjs.org/md5/-/md5-2.3.0.tgz"
  integrity sha512-T1GITYmFaKuO91vxyoQMFETst+O71VUPEU3ze5GNzDm0OWdP8v1ziTaAEPUr/3kLsY3Sftgz242A1SetQiDL7g==
  dependencies:
    charenc "0.0.2"
    crypt "0.0.2"
    is-buffer "~1.1.6"

playwright-core@1.55.0:
  version "1.55.0"
  resolved "https://registry.npmjs.org/playwright-core/-/playwright-core-1.55.0.tgz"
  integrity sha512-GvZs4vU3U5ro2nZpeiwyb0zuFaqb9sUiAJuyrWpcGouD8y9/HLgGbNRjIph7zU9D3hnPaisMl9zG9CgFi/biIg==

playwright@1.55.0:
  version "1.55.0"
  resolved "https://registry.npmjs.org/playwright/-/playwright-1.55.0.tgz"
  integrity sha512-sdCWStblvV1YU909Xqx0DhOjPZE4/5lJsIS84IfN9dAZfcl/CIZ5O8l3o0j7hPMjDvqoTF8ZUcc+i/GL5erstA==
  dependencies:
    playwright-core "1.55.0"
  optionalDependencies:
    fsevents "2.3.2"

undici-types@~7.12.0:
  version "7.12.0"
  resolved "https://registry.npmjs.org/undici-types/-/undici-types-7.12.0.tgz"
  integrity sha512-goOacqME2GYyOZZfb5Lgtu+1IDmAlAEu5xnD3+xTzS10hT0vzpf0SPjkXwAw9Jm+4n/mQGDP3LO8CPbYROeBfQ==
